
Microsoft Visual Studio Solution File, Format Version 12.00
# Visual Studio 15
Project("{FAE04EC0-301F-11D3-BF4B-00C04F79EFBC}") = "StarSTG", "Assembly-CSharp.csproj", "{054EA74C-1BFF-11B3-A5E8-B8DF94EB864D}"
EndProject
Project("{FAE04EC0-301F-11D3-BF4B-00C04F79EFBC}") = "StarSTG", "Assembly-CSharp-Editor.csproj", "{78C685B6-10A1-23E6-7138-1C0870FE975C}"
EndProject
Global
	GlobalSection(SolutionConfigurationPlatforms) = preSolution
		Debug|Any CPU = Debug|Any CPU
		Release|Any CPU = Release|Any CPU
	EndGlobalSection
	GlobalSection(ProjectConfigurationPlatforms) = postSolution
		{054EA74C-1BFF-11B3-A5E8-B8DF94EB864D}.Debug|Any CPU.ActiveCfg = Debug|Any CPU
		{054EA74C-1BFF-11B3-A5E8-B8DF94EB864D}.Debug|Any CPU.Build.0 = Debug|Any CPU
		{054EA74C-1BFF-11B3-A5E8-B8DF94EB864D}.Release|Any CPU.ActiveCfg = Release|Any CPU
		{054EA74C-1BFF-11B3-A5E8-B8DF94EB864D}.Release|Any CPU.Build.0 = Release|Any CPU
		{78C685B6-10A1-23E6-7138-1C0870FE975C}.Debug|Any CPU.ActiveCfg = Debug|Any CPU
		{78C685B6-10A1-23E6-7138-1C0870FE975C}.Debug|Any CPU.Build.0 = Debug|Any CPU
		{78C685B6-10A1-23E6-7138-1C0870FE975C}.Release|Any CPU.ActiveCfg = Release|Any CPU
		{78C685B6-10A1-23E6-7138-1C0870FE975C}.Release|Any CPU.Build.0 = Release|Any CPU
	EndGlobalSection
	GlobalSection(SolutionProperties) = preSolution
		HideSolutionNode = FALSE
	EndGlobalSection
EndGlobal
